schema: '2.0'
stages:
  data_ingestion:
    cmd: python main.py --stage data_ingestion
    deps:
    - path: config_file/config.yaml
      hash: md5
      md5: 50b9b2781597f603b0195f3bfdcf47e2
      size: 1482
    - path: main.py
      hash: md5
      md5: b660a69dcc4eeca0a6417b0125d7e9ef
      size: 1944
    - path: src/FraudGuard/components/data_ingestion.py
      hash: md5
      md5: fc95555fc884c4be3eaa7d949c202979
      size: 1023
    - path: src/FraudGuard/config/config.py
      hash: md5
      md5: d6cc0febb903cf11d7c102627b8f27cf
      size: 4219
    - path: src/FraudGuard/entity/config_entity.py
      hash: md5
      md5: c943d5deb1ebf9f32607c0ed4a2b1cb7
      size: 1233
    - path: src/FraudGuard/utils/helpers.py
      hash: md5
      md5: 0589bd991e0fb17f368c0764357afe03
      size: 2954
    outs:
    - path: artifacts/data_ingestion
      hash: md5
      md5: f3f0c63e93241a1f7c457a37e2750321.dir
      size: 4485446
      nfiles: 2
  data_validation:
    cmd: python main.py --stage data_validation
    deps:
    - path: artifacts/data_ingestion/Fraud-data.csv
      hash: md5
      md5: 6684ff6a45d05b191e074b8bcf84d9f5
      size: 3692523
    - path: config_file/config.yaml
      hash: md5
      md5: 50b9b2781597f603b0195f3bfdcf47e2
      size: 1482
    - path: config_file/schema.yaml
      hash: md5
      md5: bcd084ee0e29c78405ee43bcc1682469
      size: 715
    - path: main.py
      hash: md5
      md5: b660a69dcc4eeca0a6417b0125d7e9ef
      size: 1944
    - path: src/FraudGuard/components/data_validation.py
      hash: md5
      md5: 6fb58360c89b10078d23ee1e95fe735f
      size: 2481
    - path: src/FraudGuard/config/config.py
      hash: md5
      md5: d6cc0febb903cf11d7c102627b8f27cf
      size: 4219
    - path: src/FraudGuard/entity/config_entity.py
      hash: md5
      md5: c943d5deb1ebf9f32607c0ed4a2b1cb7
      size: 1233
    outs:
    - path: artifacts/data_validation/status.json
      hash: md5
      md5: 21c477e3fbec21ba40f45b08ba60b7d8
      size: 23
  data_transformation:
    cmd: python main.py --stage data_transformation
    deps:
    - path: artifacts/data_ingestion/Fraud-data.csv
      hash: md5
      md5: 6684ff6a45d05b191e074b8bcf84d9f5
      size: 3692523
    - path: config_file/config.yaml
      hash: md5
      md5: 50b9b2781597f603b0195f3bfdcf47e2
      size: 1482
    - path: config_file/params.yaml
      hash: md5
      md5: 2fef29424c0924408aab12d3e9647585
      size: 364
    - path: config_file/schema.yaml
      hash: md5
      md5: bcd084ee0e29c78405ee43bcc1682469
      size: 715
    - path: main.py
      hash: md5
      md5: b660a69dcc4eeca0a6417b0125d7e9ef
      size: 1944
    - path: src/FraudGuard/components/data_transformation.py
      hash: md5
      md5: 8019f356a48ba483de9fb23bb25672d1
      size: 5157
    - path: src/FraudGuard/config/config.py
      hash: md5
      md5: d6cc0febb903cf11d7c102627b8f27cf
      size: 4219
    - path: src/FraudGuard/entity/config_entity.py
      hash: md5
      md5: c943d5deb1ebf9f32607c0ed4a2b1cb7
      size: 1233
    - path: src/FraudGuard/utils/helpers.py
      hash: md5
      md5: 0589bd991e0fb17f368c0764357afe03
      size: 2954
    outs:
    - path: artifacts/data_transformation/preprocess/label_encoders.pkl
      hash: md5
      md5: 33417d791fc5ae73ed83b5d61369d89e
      size: 1460
    - path: artifacts/data_transformation/preprocess/preprocessor.pkl
      hash: md5
      md5: 66c4457454cd9464a490fbac1644cb94
      size: 3303
    - path: artifacts/data_transformation/process/test_processed.npy
      hash: md5
      md5: 32991d545c74e8fd54a4c09f9cc1bb74
      size: 1396288
    - path: artifacts/data_transformation/process/train_processed.npy
      hash: md5
      md5: 0816ceda2cd19c6e34f67b0e2efe17da
      size: 5584688
    - path: artifacts/data_transformation/split/test.csv
      hash: md5
      md5: 781e1aa97ef604d09d5754b2acdcc2a7
      size: 731727
    - path: artifacts/data_transformation/split/train.csv
      hash: md5
      md5: 779f3b0aee780600aed6e4d03016856d
      size: 2926024
  model_training:
    cmd: python main.py --stage model_training
    deps:
    - path: artifacts/data_transformation/process/test_processed.npy
      hash: md5
      md5: 32991d545c74e8fd54a4c09f9cc1bb74
      size: 1396288
    - path: artifacts/data_transformation/process/train_processed.npy
      hash: md5
      md5: 0816ceda2cd19c6e34f67b0e2efe17da
      size: 5584688
    - path: config_file/config.yaml
      hash: md5
      md5: 50b9b2781597f603b0195f3bfdcf47e2
      size: 1482
    - path: config_file/params.yaml
      hash: md5
      md5: 2fef29424c0924408aab12d3e9647585
      size: 364
    - path: config_file/schema.yaml
      hash: md5
      md5: bcd084ee0e29c78405ee43bcc1682469
      size: 715
    - path: main.py
      hash: md5
      md5: b660a69dcc4eeca0a6417b0125d7e9ef
      size: 1944
    - path: src/FraudGuard/components/model_training.py
      hash: md5
      md5: 195e163b63aaca38259cba46b0bf23bd
      size: 6928
    - path: src/FraudGuard/config/config.py
      hash: md5
      md5: d6cc0febb903cf11d7c102627b8f27cf
      size: 4219
    - path: src/FraudGuard/entity/config_entity.py
      hash: md5
      md5: c943d5deb1ebf9f32607c0ed4a2b1cb7
      size: 1233
    - path: src/FraudGuard/utils/helpers.py
      hash: md5
      md5: 0589bd991e0fb17f368c0764357afe03
      size: 2954
    outs:
    - path: artifacts/model_trainer/model.joblib
      hash: md5
      md5: 58f1d1faf4dab03c8b0361dd572c78c4
      size: 4137204
  model_evaluation:
    cmd: python main.py --stage model_evaluation
    deps:
    - path: artifacts/data_transformation/preprocess/preprocessor.pkl
      hash: md5
      md5: 66c4457454cd9464a490fbac1644cb94
      size: 3303
    - path: artifacts/data_transformation/split/test.csv
      hash: md5
      md5: 781e1aa97ef604d09d5754b2acdcc2a7
      size: 731727
    - path: artifacts/data_transformation/split/train.csv
      hash: md5
      md5: 779f3b0aee780600aed6e4d03016856d
      size: 2926024
    - path: artifacts/model_trainer/model.joblib
      hash: md5
      md5: 58f1d1faf4dab03c8b0361dd572c78c4
      size: 4137204
    - path: config_file/config.yaml
      hash: md5
      md5: 50b9b2781597f603b0195f3bfdcf47e2
      size: 1482
    - path: config_file/params.yaml
      hash: md5
      md5: 2fef29424c0924408aab12d3e9647585
      size: 364
    - path: config_file/schema.yaml
      hash: md5
      md5: bcd084ee0e29c78405ee43bcc1682469
      size: 715
    - path: main.py
      hash: md5
      md5: b660a69dcc4eeca0a6417b0125d7e9ef
      size: 1944
    - path: src/FraudGuard/components/model_evaluation.py
      hash: md5
      md5: 4675955399239336ac71f4d9aac6727f
      size: 4225
    - path: src/FraudGuard/config/config.py
      hash: md5
      md5: d6cc0febb903cf11d7c102627b8f27cf
      size: 4219
    - path: src/FraudGuard/entity/config_entity.py
      hash: md5
      md5: c943d5deb1ebf9f32607c0ed4a2b1cb7
      size: 1233
    - path: src/FraudGuard/utils/helpers.py
      hash: md5
      md5: 0589bd991e0fb17f368c0764357afe03
      size: 2954
    outs:
    - path: artifacts/model_evaluation/cm.png
      hash: md5
      md5: 4692b760def3a22d59c50726d218103a
      size: 18007
    - path: artifacts/model_evaluation/metrics.json
      hash: md5
      md5: a595e3bda5eaa3ab0140b2d516e0deeb
      size: 325
    - path: artifacts/model_evaluation/roc.png
      hash: md5
      md5: 7b41aa759647dbcdd59b84a1861188a9
      size: 22891
