schema: '2.0'
stages:
  data_ingestion:
    cmd: python main.py --stage data_ingestion
    deps:
    - path: config_file/config.yaml
      hash: md5
      md5: 20179eea1e8e9e758d4a049191729bae
      size: 1481
    - path: main.py
      hash: md5
      md5: c78996c23c90175078fbc015ed68f1ff
      size: 2166
    - path: src/FraudGuard/components/data_ingestion.py
      hash: md5
      md5: 4632335cc23445e34ada3f5d06052992
      size: 1068
    - path: src/FraudGuard/config/config.py
      hash: md5
      md5: 134c68516ed74bb3dde46eb46a6d8611
      size: 4432
    - path: src/FraudGuard/entity/config_entity.py
      hash: md5
      md5: ddbae949dd17307f051ff7a098500be1
      size: 1302
    - path: src/FraudGuard/utils/helpers.py
      hash: md5
      md5: 87f1484550f130ebcff6e4a8a79598c6
      size: 3755
    outs:
    - path: artifacts/data_ingestion
      hash: md5
      md5: 739ced6a3c472fd8f403564955132eb8.dir
      size: 3692523
      nfiles: 1
  data_validation:
    cmd: python main.py --stage data_validation
    deps:
    - path: artifacts/data_ingestion/Fraud-data.csv
      hash: md5
      md5: 6684ff6a45d05b191e074b8bcf84d9f5
      size: 3692523
    - path: config_file/config.yaml
      hash: md5
      md5: 20179eea1e8e9e758d4a049191729bae
      size: 1481
    - path: config_file/schema.yaml
      hash: md5
      md5: bcd084ee0e29c78405ee43bcc1682469
      size: 715
    - path: main.py
      hash: md5
      md5: c78996c23c90175078fbc015ed68f1ff
      size: 2166
    - path: src/FraudGuard/components/data_validation.py
      hash: md5
      md5: 6fb58360c89b10078d23ee1e95fe735f
      size: 2481
    - path: src/FraudGuard/config/config.py
      hash: md5
      md5: 134c68516ed74bb3dde46eb46a6d8611
      size: 4432
    - path: src/FraudGuard/entity/config_entity.py
      hash: md5
      md5: ddbae949dd17307f051ff7a098500be1
      size: 1302
    outs:
    - path: artifacts/data_validation/status.json
      hash: md5
      md5: 21c477e3fbec21ba40f45b08ba60b7d8
      size: 23
  data_transformation:
    cmd: python main.py --stage data_transformation
    deps:
    - path: artifacts/data_ingestion/Fraud-data.csv
      hash: md5
      md5: 6684ff6a45d05b191e074b8bcf84d9f5
      size: 3692523
    - path: config_file/config.yaml
      hash: md5
      md5: 20179eea1e8e9e758d4a049191729bae
      size: 1481
    - path: config_file/params.yaml
      hash: md5
      md5: 2fef29424c0924408aab12d3e9647585
      size: 364
    - path: config_file/schema.yaml
      hash: md5
      md5: bcd084ee0e29c78405ee43bcc1682469
      size: 715
    - path: main.py
      hash: md5
      md5: c78996c23c90175078fbc015ed68f1ff
      size: 2166
    - path: src/FraudGuard/components/data_transformation.py
      hash: md5
      md5: 8019f356a48ba483de9fb23bb25672d1
      size: 5157
    - path: src/FraudGuard/config/config.py
      hash: md5
      md5: 134c68516ed74bb3dde46eb46a6d8611
      size: 4432
    - path: src/FraudGuard/entity/config_entity.py
      hash: md5
      md5: ddbae949dd17307f051ff7a098500be1
      size: 1302
    - path: src/FraudGuard/utils/helpers.py
      hash: md5
      md5: 87f1484550f130ebcff6e4a8a79598c6
      size: 3755
    outs:
    - path: artifacts/data_transformation/preprocess/label_encoders.pkl
      hash: md5
      md5: 33417d791fc5ae73ed83b5d61369d89e
      size: 1460
    - path: artifacts/data_transformation/preprocess/preprocessor.pkl
      hash: md5
      md5: 3d6f2f4fedc22b7f260a910ff12066f8
      size: 3303
    - path: artifacts/data_transformation/process/test_processed.npy
      hash: md5
      md5: 95a8260a26509168f822addd582cc9f0
      size: 1396688
    - path: artifacts/data_transformation/process/train_processed.npy
      hash: md5
      md5: 4d779455004d6b8c025dcf632e56c401
      size: 5586288
    - path: artifacts/data_transformation/split/test.csv
      hash: md5
      md5: 269f88d9c1373b35d37df98679956fdc
      size: 731231
    - path: artifacts/data_transformation/split/train.csv
      hash: md5
      md5: 676490b5818fe641e81096d1f20d5b81
      size: 2929071
  model_training:
    cmd: python main.py --stage model_training
    deps:
    - path: artifacts/data_transformation/process/test_processed.npy
      hash: md5
      md5: 95a8260a26509168f822addd582cc9f0
      size: 1396688
    - path: artifacts/data_transformation/process/train_processed.npy
      hash: md5
      md5: 4d779455004d6b8c025dcf632e56c401
      size: 5586288
    - path: config_file/config.yaml
      hash: md5
      md5: 20179eea1e8e9e758d4a049191729bae
      size: 1481
    - path: config_file/params.yaml
      hash: md5
      md5: 2fef29424c0924408aab12d3e9647585
      size: 364
    - path: config_file/schema.yaml
      hash: md5
      md5: bcd084ee0e29c78405ee43bcc1682469
      size: 715
    - path: main.py
      hash: md5
      md5: c78996c23c90175078fbc015ed68f1ff
      size: 2166
    - path: src/FraudGuard/components/model_training.py
      hash: md5
      md5: c7c6980619c515e02df7daa3bc74a9ee
      size: 6625
    - path: src/FraudGuard/config/config.py
      hash: md5
      md5: 134c68516ed74bb3dde46eb46a6d8611
      size: 4432
    - path: src/FraudGuard/entity/config_entity.py
      hash: md5
      md5: ddbae949dd17307f051ff7a098500be1
      size: 1302
    - path: src/FraudGuard/utils/helpers.py
      hash: md5
      md5: 87f1484550f130ebcff6e4a8a79598c6
      size: 3755
    outs:
    - path: artifacts/model_trainer/model.joblib
      hash: md5
      md5: 048f62d0821a84739373b702627cc019
      size: 4054868
  model_evaluation:
    cmd: python main.py --stage model_evaluation
    deps:
    - path: artifacts/data_transformation/preprocess/preprocessor.pkl
      hash: md5
      md5: 3d6f2f4fedc22b7f260a910ff12066f8
      size: 3303
    - path: artifacts/data_transformation/split/test.csv
      hash: md5
      md5: 269f88d9c1373b35d37df98679956fdc
      size: 731231
    - path: artifacts/data_transformation/split/train.csv
      hash: md5
      md5: 676490b5818fe641e81096d1f20d5b81
      size: 2929071
    - path: artifacts/model_trainer/model.joblib
      hash: md5
      md5: 048f62d0821a84739373b702627cc019
      size: 4054868
    - path: config_file/config.yaml
      hash: md5
      md5: 20179eea1e8e9e758d4a049191729bae
      size: 1481
    - path: config_file/params.yaml
      hash: md5
      md5: 2fef29424c0924408aab12d3e9647585
      size: 364
    - path: config_file/schema.yaml
      hash: md5
      md5: bcd084ee0e29c78405ee43bcc1682469
      size: 715
    - path: main.py
      hash: md5
      md5: c78996c23c90175078fbc015ed68f1ff
      size: 2166
    - path: src/FraudGuard/components/model_evaluation.py
      hash: md5
      md5: 194c28d784a6d7aa5c6f1aff6b2c6838
      size: 4383
    - path: src/FraudGuard/config/config.py
      hash: md5
      md5: 134c68516ed74bb3dde46eb46a6d8611
      size: 4432
    - path: src/FraudGuard/entity/config_entity.py
      hash: md5
      md5: ddbae949dd17307f051ff7a098500be1
      size: 1302
    - path: src/FraudGuard/utils/helpers.py
      hash: md5
      md5: 87f1484550f130ebcff6e4a8a79598c6
      size: 3755
    outs:
    - path: artifacts/model_evaluation/cm.png
      hash: md5
      md5: e28a25d5cd7dda0e1ecc0bfb4bb54933
      size: 17744
    - path: artifacts/model_evaluation/metrics.json
      hash: md5
      md5: 62ae6559ebc9006cf6cfd029b4cfd676
      size: 325
    - path: artifacts/model_evaluation/roc.png
      hash: md5
      md5: bbc8f6d3a6b81b6a7b3de8964bc6a90d
      size: 22761
  model_registry:
    cmd: python main.py --stage model_registry
    deps:
    - path: main.py
      hash: md5
      md5: c78996c23c90175078fbc015ed68f1ff
      size: 2166
    - path: src/FraudGuard/components/model_registry.py
      hash: md5
      md5: 3f82d49f9448eadce20a05ca4cea1198
      size: 1454
    - path: src/FraudGuard/pipeline/stage_06.py
      hash: md5
      md5: f7789204f5cf8ee9e50d2daff457cd89
      size: 564
